
Microsoft Visual Studio Solution File, Format Version 12.00
Project("{FAE04EC0-301F-11D3-BF4B-00C04F79EFBC}") = "NodeSharp", "NodeSharp.csproj", "{4002656E-DBB0-4C8B-B9F9-C77E5B48E486}"
EndProject
Global
	GlobalSection(SolutionConfigurationPlatforms) = preSolution
		Debug|Any CPU = Debug|Any CPU
		Release|Any CPU = Release|Any CPU
	EndGlobalSection
	GlobalSection(ProjectConfigurationPlatforms) = postSolution
		{4002656E-DBB0-4C8B-B9F9-C77E5B48E486}.Debug|Any CPU.ActiveCfg = Debug|Any CPU
		{4002656E-DBB0-4C8B-B9F9-C77E5B48E486}.Debug|Any CPU.Build.0 = Debug|Any CPU
		{4002656E-DBB0-4C8B-B9F9-C77E5B48E486}.Release|Any CPU.ActiveCfg = Release|Any CPU
		{4002656E-DBB0-4C8B-B9F9-C77E5B48E486}.Release|Any CPU.Build.0 = Release|Any CPU
	EndGlobalSection
EndGlobal
